PODS:
  - Alamofire (4.0.1)
  - ChameleonFramework/Default (2.1.0)
  - ChameleonFramework/Swift (2.1.0):
    - ChameleonFramework/Default
  - Kanna (2.0.0)
  - PullToRefreshSwift (3.0.3)
  - SnapKit (3.0.2)
  - SwiftyJSON (3.0.0)

DEPENDENCIES:
  - Alamofire (~> 4.0)
  - ChameleonFramework/Swift (from `https://github.com/ViccAlexander/Chameleon.git`)
  - Kanna (~> 2.0.0)
  - PullToRefreshSwift
  - SnapKit (>= 3.0.0)
  - SwiftyJSON (= 3.0.0)

EXTERNAL SOURCES:
  ChameleonFramework:
    :git: https://github.com/ViccAlexander/Chameleon.git

CHECKOUT OPTIONS:
  ChameleonFramework:
    :commit: dcf98f9bf3a632a7f40679b7da46f09681e48526
    :git: https://github.com/ViccAlexander/Chameleon.git

SPEC CHECKSUMS:
  Alamofire: 7682d43245de14874acd142ec137b144aa1dd335
  ChameleonFramework: d21a3cc247abfe5e37609a283a8238b03575cf64
  Kanna: 9a6637f72f5c77fe9c045b1efb2a5bb074754af8
  PullToRefreshSwift: 0743b818072bfd7c9464addc2d1b987b131057ca
  SnapKit: 2e456761aa92d4d4067a7a5594c18769d451a8ad
  SwiftyJSON: f57b2b44bc166617372d1c70773591fe9f0f5fd4

PODFILE CHECKSUM: 7aa79629462e419ae9772c95e672a833ee800417

COCOAPODS: 1.1.1
