// !$*UTF8*$!
{
	archiveVersion = 1;
	classes = {
	};
	objectVersion = 46;
	objects = {

/* Begin PBXBuildFile section */
		406ABE309B1F6C4451774F73 /* Pods_Maia_EFFITests.framework in Frameworks */ = {isa = PBXBuildFile; fileRef = 8B79E4D632EAEC99AB95E9FD /* Pods_Maia_EFFITests.framework */; };
		494DAA241C2ED4F4009644D6 /* AppDelegate.swift in Sources */ = {isa = PBXBuildFile; fileRef = 494DAA231C2ED4F4009644D6 /* AppDelegate.swift */; };
		494DAA261C2ED4F4009644D6 /* ViewController.swift in Sources */ = {isa = PBXBuildFile; fileRef = 494DAA251C2ED4F4009644D6 /* ViewController.swift */; };
		494DAA291C2ED4F5009644D6 /* Main.storyboard in Resources */ = {isa = PBXBuildFile; fileRef = 494DAA271C2ED4F4009644D6 /* Main.storyboard */; };
		494DAA2C1C2ED4F5009644D6 /* Maia_EFFI.xcdatamodeld in Sources */ = {isa = PBXBuildFile; fileRef = 494DAA2A1C2ED4F5009644D6 /* Maia_EFFI.xcdatamodeld */; };
		494DAA2E1C2ED4F5009644D6 /* Assets.xcassets in Resources */ = {isa = PBXBuildFile; fileRef = 494DAA2D1C2ED4F5009644D6 /* Assets.xcassets */; };
		494DAA311C2ED4F5009644D6 /* LaunchScreen.storyboard in Resources */ = {isa = PBXBuildFile; fileRef = 494DAA2F1C2ED4F5009644D6 /* LaunchScreen.storyboard */; };
		494DAA3C1C2ED4F5009644D6 /* Maia_EFFITests.swift in Sources */ = {isa = PBXBuildFile; fileRef = 494DAA3B1C2ED4F5009644D6 /* Maia_EFFITests.swift */; };
		494DAA471C2ED4F5009644D6 /* Maia_EFFIUITests.swift in Sources */ = {isa = PBXBuildFile; fileRef = 494DAA461C2ED4F5009644D6 /* Maia_EFFIUITests.swift */; };
		4991E9561C2FFEA500F364B4 /* Facts.swift in Sources */ = {isa = PBXBuildFile; fileRef = 4991E9551C2FFEA500F364B4 /* Facts.swift */; };
		7B40506251B331FB3A592D5D /* Pods_Maia_EFFI.framework in Frameworks */ = {isa = PBXBuildFile; fileRef = B9A61D853AE77E501B85E1C8 /* Pods_Maia_EFFI.framework */; };
		A8D7C2AF375242EB43D4CC2A /* Pods_Maia_EFFIUITests.framework in Frameworks */ = {isa = PBXBuildFile; fileRef = 5AA7B57CB44F68732232D845 /* Pods_Maia_EFFIUITests.framework */; };
/* End PBXBuildFile section */

/* Begin PBXContainerItemProxy section */
		494DAA381C2ED4F5009644D6 /* PBXContainerItemProxy */ = {
			isa = PBXContainerItemProxy;
			containerPortal = 494DAA181C2ED4F4009644D6 /* Project object */;
			proxyType = 1;
			remoteGlobalIDString = 494DAA1F1C2ED4F4009644D6;
			remoteInfo = "Maia+EFFI";
		};
		494DAA431C2ED4F5009644D6 /* PBXContainerItemProxy */ = {
			isa = PBXContainerItemProxy;
			containerPortal = 494DAA181C2ED4F4009644D6 /* Project object */;
			proxyType = 1;
			remoteGlobalIDString = 494DAA1F1C2ED4F4009644D6;
			remoteInfo = "Maia+EFFI";
		};
/* End PBXContainerItemProxy section */

/* Begin PBXFileReference section */
		3318DEB355A7E74E8A8E707E /* Pods-Maia+EFFI.debug.xcconfig */ = {isa = PBXFileReference; includeInIndex = 1; lastKnownFileType = text.xcconfig; name = "Pods-Maia+EFFI.debug.xcconfig"; path = "Pods/Target Support Files/Pods-Maia+EFFI/Pods-Maia+EFFI.debug.xcconfig"; sourceTree = "<group>"; };
		334AB9AA5B0FBFC6D976E773 /* Pods-Maia+EFFIUITests.debug.xcconfig */ = {isa = PBXFileReference; includeInIndex = 1; lastKnownFileType = text.xcconfig; name = "Pods-Maia+EFFIUITests.debug.xcconfig"; path = "Pods/Target Support Files/Pods-Maia+EFFIUITests/Pods-Maia+EFFIUITests.debug.xcconfig"; sourceTree = "<group>"; };
		494DAA201C2ED4F4009644D6 /* Maia+EFFI.app */ = {isa = PBXFileReference; explicitFileType = wrapper.application; includeInIndex = 0; path = "Maia+EFFI.app"; sourceTree = BUILT_PRODUCTS_DIR; };
		494DAA231C2ED4F4009644D6 /* AppDelegate.swift */ = {isa = PBXFileReference; lastKnownFileType = sourcecode.swift; path = AppDelegate.swift; sourceTree = "<group>"; };
		494DAA251C2ED4F4009644D6 /* ViewController.swift */ = {isa = PBXFileReference; lastKnownFileType = sourcecode.swift; path = ViewController.swift; sourceTree = "<group>"; };
		494DAA281C2ED4F4009644D6 /* Base */ = {isa = PBXFileReference; lastKnownFileType = file.storyboard; name = Base; path = Base.lproj/Main.storyboard; sourceTree = "<group>"; };
		494DAA2B1C2ED4F5009644D6 /* Maia_EFFI.xcdatamodel */ = {isa = PBXFileReference; lastKnownFileType = wrapper.xcdatamodel; path = Maia_EFFI.xcdatamodel; sourceTree = "<group>"; };
		494DAA2D1C2ED4F5009644D6 /* Assets.xcassets */ = {isa = PBXFileReference; lastKnownFileType = folder.assetcatalog; path = Assets.xcassets; sourceTree = "<group>"; };
		494DAA301C2ED4F5009644D6 /* Base */ = {isa = PBXFileReference; lastKnownFileType = file.storyboard; name = Base; path = Base.lproj/LaunchScreen.storyboard; sourceTree = "<group>"; };
		494DAA321C2ED4F5009644D6 /* Info.plist */ = {isa = PBXFileReference; lastKnownFileType = text.plist.xml; path = Info.plist; sourceTree = "<group>"; };
		494DAA371C2ED4F5009644D6 /* Maia+EFFITests.xctest */ = {isa = PBXFileReference; explicitFileType = wrapper.cfbundle; includeInIndex = 0; path = "Maia+EFFITests.xctest"; sourceTree = BUILT_PRODUCTS_DIR; };
		494DAA3B1C2ED4F5009644D6 /* Maia_EFFITests.swift */ = {isa = PBXFileReference; lastKnownFileType = sourcecode.swift; path = Maia_EFFITests.swift; sourceTree = "<group>"; };
		494DAA3D1C2ED4F5009644D6 /* Info.plist */ = {isa = PBXFileReference; lastKnownFileType = text.plist.xml; path = Info.plist; sourceTree = "<group>"; };
		494DAA421C2ED4F5009644D6 /* Maia+EFFIUITests.xctest */ = {isa = PBXFileReference; explicitFileType = wrapper.cfbundle; includeInIndex = 0; path = "Maia+EFFIUITests.xctest"; sourceTree = BUILT_PRODUCTS_DIR; };
		494DAA461C2ED4F5009644D6 /* Maia_EFFIUITests.swift */ = {isa = PBXFileReference; lastKnownFileType = sourcecode.swift; path = Maia_EFFIUITests.swift; sourceTree = "<group>"; };
		494DAA481C2ED4F5009644D6 /* Info.plist */ = {isa = PBXFileReference; lastKnownFileType = text.plist.xml; path = Info.plist; sourceTree = "<group>"; };
		4991E9551C2FFEA500F364B4 /* Facts.swift */ = {isa = PBXFileReference; fileEncoding = 4; lastKnownFileType = sourcecode.swift; path = Facts.swift; sourceTree = "<group>"; };
		5AA7B57CB44F68732232D845 /* Pods_Maia_EFFIUITests.framework */ = {isa = PBXFileReference; explicitFileType = wrapper.framework; includeInIndex = 0; path = Pods_Maia_EFFIUITests.framework; sourceTree = BUILT_PRODUCTS_DIR; };
		8B79E4D632EAEC99AB95E9FD /* Pods_Maia_EFFITests.framework */ = {isa = PBXFileReference; explicitFileType = wrapper.framework; includeInIndex = 0; path = Pods_Maia_EFFITests.framework; sourceTree = BUILT_PRODUCTS_DIR; };
		B6C37DD29DE09A48857E9E57 /* Pods-Maia+EFFI.release.xcconfig */ = {isa = PBXFileReference; includeInIndex = 1; lastKnownFileType = text.xcconfig; name = "Pods-Maia+EFFI.release.xcconfig"; path = "Pods/Target Support Files/Pods-Maia+EFFI/Pods-Maia+EFFI.release.xcconfig"; sourceTree = "<group>"; };
		B9A61D853AE77E501B85E1C8 /* Pods_Maia_EFFI.framework */ = {isa = PBXFileReference; explicitFileType = wrapper.framework; includeInIndex = 0; path = Pods_Maia_EFFI.framework; sourceTree = BUILT_PRODUCTS_DIR; };
		E96BA47512FE55B1008E315F /* Pods-Maia+EFFITests.debug.xcconfig */ = {isa = PBXFileReference; includeInIndex = 1; lastKnownFileType = text.xcconfig; name = "Pods-Maia+EFFITests.debug.xcconfig"; path = "Pods/Target Support Files/Pods-Maia+EFFITests/Pods-Maia+EFFITests.debug.xcconfig"; sourceTree = "<group>"; };
		ED8A2891749DACF8626882A1 /* Pods-Maia+EFFITests.release.xcconfig */ = {isa = PBXFileReference; includeInIndex = 1; lastKnownFileType = text.xcconfig; name = "Pods-Maia+EFFITests.release.xcconfig"; path = "Pods/Target Support Files/Pods-Maia+EFFITests/Pods-Maia+EFFITests.release.xcconfig"; sourceTree = "<group>"; };
		F178B67F3F1184BB13BC28A2 /* Pods-Maia+EFFIUITests.release.xcconfig */ = {isa = PBXFileReference; includeInIndex = 1; lastKnownFileType = text.xcconfig; name = "Pods-Maia+EFFIUITests.release.xcconfig"; path = "Pods/Target Support Files/Pods-Maia+EFFIUITests/Pods-Maia+EFFIUITests.release.xcconfig"; sourceTree = "<group>"; };
/* End PBXFileReference section */

/* Begin PBXFrameworksBuildPhase section */
		494DAA1D1C2ED4F4009644D6 /* Frameworks */ = {
			isa = PBXFrameworksBuildPhase;
			buildActionMask = 2147483647;
			files = (
				7B40506251B331FB3A592D5D /* Pods_Maia_EFFI.framework in Frameworks */,
			);
			runOnlyForDeploymentPostprocessing = 0;
		};
		494DAA341C2ED4F5009644D6 /* Frameworks */ = {
			isa = PBXFrameworksBuildPhase;
			buildActionMask = 2147483647;
			files = (
				406ABE309B1F6C4451774F73 /* Pods_Maia_EFFITests.framework in Frameworks */,
			);
			runOnlyForDeploymentPostprocessing = 0;
		};
		494DAA3F1C2ED4F5009644D6 /* Frameworks */ = {
			isa = PBXFrameworksBuildPhase;
			buildActionMask = 2147483647;
			files = (
				A8D7C2AF375242EB43D4CC2A /* Pods_Maia_EFFIUITests.framework in Frameworks */,
			);
			runOnlyForDeploymentPostprocessing = 0;
		};
/* End PBXFrameworksBuildPhase section */

/* Begin PBXGroup section */
		1080C0E6322F619A58D5AF83 /* Frameworks */ = {
			isa = PBXGroup;
			children = (
				B9A61D853AE77E501B85E1C8 /* Pods_Maia_EFFI.framework */,
				8B79E4D632EAEC99AB95E9FD /* Pods_Maia_EFFITests.framework */,
				5AA7B57CB44F68732232D845 /* Pods_Maia_EFFIUITests.framework */,
			);
			name = Frameworks;
			sourceTree = "<group>";
		};
		333C46E34E69B2E45884D9B5 /* Pods */ = {
			isa = PBXGroup;
			children = (
				3318DEB355A7E74E8A8E707E /* Pods-Maia+EFFI.debug.xcconfig */,
				B6C37DD29DE09A48857E9E57 /* Pods-Maia+EFFI.release.xcconfig */,
				E96BA47512FE55B1008E315F /* Pods-Maia+EFFITests.debug.xcconfig */,
				ED8A2891749DACF8626882A1 /* Pods-Maia+EFFITests.release.xcconfig */,
				334AB9AA5B0FBFC6D976E773 /* Pods-Maia+EFFIUITests.debug.xcconfig */,
				F178B67F3F1184BB13BC28A2 /* Pods-Maia+EFFIUITests.release.xcconfig */,
			);
			name = Pods;
			sourceTree = "<group>";
		};
		494DAA171C2ED4F4009644D6 = {
			isa = PBXGroup;
			children = (
				494DAA221C2ED4F4009644D6 /* Maia+EFFI */,
				494DAA3A1C2ED4F5009644D6 /* Maia+EFFITests */,
				494DAA451C2ED4F5009644D6 /* Maia+EFFIUITests */,
				494DAA211C2ED4F4009644D6 /* Products */,
				333C46E34E69B2E45884D9B5 /* Pods */,
				1080C0E6322F619A58D5AF83 /* Frameworks */,
			);
			sourceTree = "<group>";
		};
		494DAA211C2ED4F4009644D6 /* Products */ = {
			isa = PBXGroup;
			children = (
				494DAA201C2ED4F4009644D6 /* Maia+EFFI.app */,
				494DAA371C2ED4F5009644D6 /* Maia+EFFITests.xctest */,
				494DAA421C2ED4F5009644D6 /* Maia+EFFIUITests.xctest */,
			);
			name = Products;
			sourceTree = "<group>";
		};
		494DAA221C2ED4F4009644D6 /* Maia+EFFI */ = {
			isa = PBXGroup;
			children = (
				494DAA231C2ED4F4009644D6 /* AppDelegate.swift */,
				494DAA251C2ED4F4009644D6 /* ViewController.swift */,
				4991E9551C2FFEA500F364B4 /* Facts.swift */,
				494DAA271C2ED4F4009644D6 /* Main.storyboard */,
				494DAA2D1C2ED4F5009644D6 /* Assets.xcassets */,
				494DAA2F1C2ED4F5009644D6 /* LaunchScreen.storyboard */,
				494DAA321C2ED4F5009644D6 /* Info.plist */,
				494DAA2A1C2ED4F5009644D6 /* Maia_EFFI.xcdatamodeld */,
			);
			path = "Maia+EFFI";
			sourceTree = "<group>";
		};
		494DAA3A1C2ED4F5009644D6 /* Maia+EFFITests */ = {
			isa = PBXGroup;
			children = (
				494DAA3B1C2ED4F5009644D6 /* Maia_EFFITests.swift */,
				494DAA3D1C2ED4F5009644D6 /* Info.plist */,
			);
			path = "Maia+EFFITests";
			sourceTree = "<group>";
		};
		494DAA451C2ED4F5009644D6 /* Maia+EFFIUITests */ = {
			isa = PBXGroup;
			children = (
				494DAA461C2ED4F5009644D6 /* Maia_EFFIUITests.swift */,
				494DAA481C2ED4F5009644D6 /* Info.plist */,
			);
			path = "Maia+EFFIUITests";
			sourceTree = "<group>";
		};
/* End PBXGroup section */

/* Begin PBXNativeTarget section */
		494DAA1F1C2ED4F4009644D6 /* Maia+EFFI */ = {
			isa = PBXNativeTarget;
			buildConfigurationList = 494DAA4B1C2ED4F5009644D6 /* Build configuration list for PBXNativeTarget "Maia+EFFI" */;
			buildPhases = (
				90524A4631A0BA85CE26E9B0 /* [CP] Check Pods Manifest.lock */,
				494DAA1C1C2ED4F4009644D6 /* Sources */,
				494DAA1D1C2ED4F4009644D6 /* Frameworks */,
				494DAA1E1C2ED4F4009644D6 /* Resources */,
				10513C181BF3220C0166B379 /* [CP] Embed Pods Frameworks */,
				C6180D02DF1571113864AA12 /* [CP] Copy Pods Resources */,
			);
			buildRules = (
			);
			dependencies = (
			);
			name = "Maia+EFFI";
			productName = "Maia+EFFI";
			productReference = 494DAA201C2ED4F4009644D6 /* Maia+EFFI.app */;
			productType = "com.apple.product-type.application";
		};
		494DAA361C2ED4F5009644D6 /* Maia+EFFITests */ = {
			isa = PBXNativeTarget;
			buildConfigurationList = 494DAA4E1C2ED4F5009644D6 /* Build configuration list for PBXNativeTarget "Maia+EFFITests" */;
			buildPhases = (
				82A030C25018699FEFB8BF5F /* [CP] Check Pods Manifest.lock */,
				494DAA331C2ED4F5009644D6 /* Sources */,
				494DAA341C2ED4F5009644D6 /* Frameworks */,
				494DAA351C2ED4F5009644D6 /* Resources */,
				D7FA7F8408B12EE40C0ACB29 /* [CP] Embed Pods Frameworks */,
				57E77B39F38A934564BBB097 /* [CP] Copy Pods Resources */,
			);
			buildRules = (
			);
			dependencies = (
				494DAA391C2ED4F5009644D6 /* PBXTargetDependency */,
			);
			name = "Maia+EFFITests";
			productName = "Maia+EFFITests";
			productReference = 494DAA371C2ED4F5009644D6 /* Maia+EFFITests.xctest */;
			productType = "com.apple.product-type.bundle.unit-test";
		};
		494DAA411C2ED4F5009644D6 /* Maia+EFFIUITests */ = {
			isa = PBXNativeTarget;
			buildConfigurationList = 494DAA511C2ED4F5009644D6 /* Build configuration list for PBXNativeTarget "Maia+EFFIUITests" */;
			buildPhases = (
				F7B52192AE83873E4856140B /* [CP] Check Pods Manifest.lock */,
				494DAA3E1C2ED4F5009644D6 /* Sources */,
				494DAA3F1C2ED4F5009644D6 /* Frameworks */,
				494DAA401C2ED4F5009644D6 /* Resources */,
				EDAE7BCF33BD3C88466F0439 /* [CP] Embed Pods Frameworks */,
				BA49ECA5659ACB8156C3CBF0 /* [CP] Copy Pods Resources */,
			);
			buildRules = (
			);
			dependencies = (
				494DAA441C2ED4F5009644D6 /* PBXTargetDependency */,
			);
			name = "Maia+EFFIUITests";
			productName = "Maia+EFFIUITests";
			productReference = 494DAA421C2ED4F5009644D6 /* Maia+EFFIUITests.xctest */;
			productType = "com.apple.product-type.bundle.ui-testing";
		};
/* End PBXNativeTarget section */

/* Begin PBXProject section */
		494DAA181C2ED4F4009644D6 /* Project object */ = {
			isa = PBXProject;
			attributes = {
				LastSwiftUpdateCheck = 0720;
				LastUpgradeCheck = 0800;
				ORGANIZATIONNAME = "Julian Ferdman";
				TargetAttributes = {
					494DAA1F1C2ED4F4009644D6 = {
						CreatedOnToolsVersion = 7.2;
						DevelopmentTeam = MPM5PQ7658;
						LastSwiftMigration = 0800;
					};
					494DAA361C2ED4F5009644D6 = {
						CreatedOnToolsVersion = 7.2;
						DevelopmentTeam = MPM5PQ7658;
						LastSwiftMigration = 0800;
						TestTargetID = 494DAA1F1C2ED4F4009644D6;
					};
					494DAA411C2ED4F5009644D6 = {
						CreatedOnToolsVersion = 7.2;
						DevelopmentTeam = MPM5PQ7658;
						LastSwiftMigration = 0800;
						TestTargetID = 494DAA1F1C2ED4F4009644D6;
					};
				};
			};
			buildConfigurationList = 494DAA1B1C2ED4F4009644D6 /* Build configuration list for PBXProject "Maia+EFFI" */;
			compatibilityVersion = "Xcode 3.2";
			developmentRegion = English;
			hasScannedForEncodings = 0;
			knownRegions = (
				en,
				Base,
			);
			mainGroup = 494DAA171C2ED4F4009644D6;
			productRefGroup = 494DAA211C2ED4F4009644D6 /* Products */;
			projectDirPath = "";
			projectRoot = "";
			targets = (
				494DAA1F1C2ED4F4009644D6 /* Maia+EFFI */,
				494DAA361C2ED4F5009644D6 /* Maia+EFFITests */,
				494DAA411C2ED4F5009644D6 /* Maia+EFFIUITests */,
			);
		};
/* End PBXProject section */

/* Begin PBXResourcesBuildPhase section */
		494DAA1E1C2ED4F4009644D6 /* Resources */ = {
			isa = PBXResourcesBuildPhase;
			buildActionMask = 2147483647;
			files = (
				494DAA311C2ED4F5009644D6 /* LaunchScreen.storyboard in Resources */,
				494DAA2E1C2ED4F5009644D6 /* Assets.xcassets in Resources */,
				494DAA291C2ED4F5009644D6 /* Main.storyboard in Resources */,
			);
			runOnlyForDeploymentPostprocessing = 0;
		};
		494DAA351C2ED4F5009644D6 /* Resources */ = {
			isa = PBXResourcesBuildPhase;
			buildActionMask = 2147483647;
			files = (
			);
			runOnlyForDeploymentPostprocessing = 0;
		};
		494DAA401C2ED4F5009644D6 /* Resources */ = {
			isa = PBXResourcesBuildPhase;
			buildActionMask = 2147483647;
			files = (
			);
			runOnlyForDeploymentPostprocessing = 0;
		};
/* End PBXResourcesBuildPhase section */

/* Begin PBXShellScriptBuildPhase section */
		10513C181BF3220C0166B379 /* [CP] Embed Pods Frameworks */ = {
			isa = PBXShellScriptBuildPhase;
			buildActionMask = 2147483647;
			files = (
			);
			inputPaths = (
			);
			name = "[CP] Embed Pods Frameworks";
			outputPaths = (
			);
			runOnlyForDeploymentPostprocessing = 0;
			shellPath = /bin/sh;
			shellScript = "\"${SRCROOT}/Pods/Target Support Files/Pods-Maia+EFFI/Pods-Maia+EFFI-frameworks.sh\"\n";
			showEnvVarsInLog = 0;
		};
		57E77B39F38A934564BBB097 /* [CP] Copy Pods Resources */ = {
			isa = PBXShellScriptBuildPhase;
			buildActionMask = 2147483647;
			files = (
			);
			inputPaths = (
			);
			name = "[CP] Copy Pods Resources";
			outputPaths = (
			);
			runOnlyForDeploymentPostprocessing = 0;
			shellPath = /bin/sh;
			shellScript = "\"${SRCROOT}/Pods/Target Support Files/Pods-Maia+EFFITests/Pods-Maia+EFFITests-resources.sh\"\n";
			showEnvVarsInLog = 0;
		};
		82A030C25018699FEFB8BF5F /* [CP] Check Pods Manifest.lock */ = {
			isa = PBXShellScriptBuildPhase;
			buildActionMask = 2147483647;
			files = (
			);
			inputPaths = (
			);
			name = "[CP] Check Pods Manifest.lock";
			outputPaths = (
			);
			runOnlyForDeploymentPostprocessing = 0;
			shellPath = /bin/sh;
			shellScript = "diff \"${PODS_ROOT}/../Podfile.lock\" \"${PODS_ROOT}/Manifest.lock\" > /dev/null\nif [ $? != 0 ] ; then\n    # print error to STDERR\n    echo \"error: The sandbox is not in sync with the Podfile.lock. Run 'pod install' or update your CocoaPods installation.\" >&2\n    exit 1\nfi\n";
			showEnvVarsInLog = 0;
		};
		90524A4631A0BA85CE26E9B0 /* [CP] Check Pods Manifest.lock */ = {
			isa = PBXShellScriptBuildPhase;
			buildActionMask = 2147483647;
			files = (
			);
			inputPaths = (
			);
			name = "[CP] Check Pods Manifest.lock";
			outputPaths = (
			);
			runOnlyForDeploymentPostprocessing = 0;
			shellPath = /bin/sh;
			shellScript = "diff \"${PODS_ROOT}/../Podfile.lock\" \"${PODS_ROOT}/Manifest.lock\" > /dev/null\nif [ $? != 0 ] ; then\n    # print error to STDERR\n    echo \"error: The sandbox is not in sync with the Podfile.lock. Run 'pod install' or update your CocoaPods installation.\" >&2\n    exit 1\nfi\n";
			showEnvVarsInLog = 0;
		};
		BA49ECA5659ACB8156C3CBF0 /* [CP] Copy Pods Resources */ = {
			isa = PBXShellScriptBuildPhase;
			buildActionMask = 2147483647;
			files = (
			);
			inputPaths = (
			);
			name = "[CP] Copy Pods Resources";
			outputPaths = (
			);
			runOnlyForDeploymentPostprocessing = 0;
			shellPath = /bin/sh;
			shellScript = "\"${SRCROOT}/Pods/Target Support Files/Pods-Maia+EFFIUITests/Pods-Maia+EFFIUITests-resources.sh\"\n";
			showEnvVarsInLog = 0;
		};
		C6180D02DF1571113864AA12 /* [CP] Copy Pods Resources */ = {
			isa = PBXShellScriptBuildPhase;
			buildActionMask = 2147483647;
			files = (
			);
			inputPaths = (
			);
			name = "[CP] Copy Pods Resources";
			outputPaths = (
			);
			runOnlyForDeploymentPostprocessing = 0;
			shellPath = /bin/sh;
			shellScript = "\"${SRCROOT}/Pods/Target Support Files/Pods-Maia+EFFI/Pods-Maia+EFFI-resources.sh\"\n";
			showEnvVarsInLog = 0;
		};
		D7FA7F8408B12EE40C0ACB29 /* [CP] Embed Pods Frameworks */ = {
			isa = PBXShellScriptBuildPhase;
			buildActionMask = 2147483647;
			files = (
			);
			inputPaths = (
			);
			name = "[CP] Embed Pods Frameworks";
			outputPaths = (
			);
			runOnlyForDeploymentPostprocessing = 0;
			shellPath = /bin/sh;
			shellScript = "\"${SRCROOT}/Pods/Target Support Files/Pods-Maia+EFFITests/Pods-Maia+EFFITests-frameworks.sh\"\n";
			showEnvVarsInLog = 0;
		};
		EDAE7BCF33BD3C88466F0439 /* [CP] Embed Pods Frameworks */ = {
			isa = PBXShellScriptBuildPhase;
			buildActionMask = 2147483647;
			files = (
			);
			inputPaths = (
			);
			name = "[CP] Embed Pods Frameworks";
			outputPaths = (
			);
			runOnlyForDeploymentPostprocessing = 0;
			shellPath = /bin/sh;
			shellScript = "\"${SRCROOT}/Pods/Target Support Files/Pods-Maia+EFFIUITests/Pods-Maia+EFFIUITests-frameworks.sh\"\n";
			showEnvVarsInLog = 0;
		};
		F7B52192AE83873E4856140B /* [CP] Check Pods Manifest.lock */ = {
			isa = PBXShellScriptBuildPhase;
			buildActionMask = 2147483647;
			files = (
			);
			inputPaths = (
			);
			name = "[CP] Check Pods Manifest.lock";
			outputPaths = (
			);
			runOnlyForDeploymentPostprocessing = 0;
			shellPath = /bin/sh;
			shellScript = "diff \"${PODS_ROOT}/../Podfile.lock\" \"${PODS_ROOT}/Manifest.lock\" > /dev/null\nif [ $? != 0 ] ; then\n    # print error to STDERR\n    echo \"error: The sandbox is not in sync with the Podfile.lock. Run 'pod install' or update your CocoaPods installation.\" >&2\n    exit 1\nfi\n";
			showEnvVarsInLog = 0;
		};
/* End PBXShellScriptBuildPhase section */

/* Begin PBXSourcesBuildPhase section */
		494DAA1C1C2ED4F4009644D6 /* Sources */ = {
			isa = PBXSourcesBuildPhase;
			buildActionMask = 2147483647;
			files = (
				494DAA261C2ED4F4009644D6 /* ViewController.swift in Sources */,
				494DAA241C2ED4F4009644D6 /* AppDelegate.swift in Sources */,
				494DAA2C1C2ED4F5009644D6 /* Maia_EFFI.xcdatamodeld in Sources */,
				4991E9561C2FFEA500F364B4 /* Facts.swift in Sources */,
			);
			runOnlyForDeploymentPostprocessing = 0;
		};
		494DAA331C2ED4F5009644D6 /* Sources */ = {
			isa = PBXSourcesBuildPhase;
			buildActionMask = 2147483647;
			files = (
				494DAA3C1C2ED4F5009644D6 /* Maia_EFFITests.swift in Sources */,
			);
			runOnlyForDeploymentPostprocessing = 0;
		};
		494DAA3E1C2ED4F5009644D6 /* Sources */ = {
			isa = PBXSourcesBuildPhase;
			buildActionMask = 2147483647;
			files = (
				494DAA471C2ED4F5009644D6 /* Maia_EFFIUITests.swift in Sources */,
			);
			runOnlyForDeploymentPostprocessing = 0;
		};
/* End PBXSourcesBuildPhase section */

/* Begin PBXTargetDependency section */
		494DAA391C2ED4F5009644D6 /* PBXTargetDependency */ = {
			isa = PBXTargetDependency;
			target = 494DAA1F1C2ED4F4009644D6 /* Maia+EFFI */;
			targetProxy = 494DAA381C2ED4F5009644D6 /* PBXContainerItemProxy */;
		};
		494DAA441C2ED4F5009644D6 /* PBXTargetDependency */ = {
			isa = PBXTargetDependency;
			target = 494DAA1F1C2ED4F4009644D6 /* Maia+EFFI */;
			targetProxy = 494DAA431C2ED4F5009644D6 /* PBXContainerItemProxy */;
		};
/* End PBXTargetDependency section */

/* Begin PBXVariantGroup section */
		494DAA271C2ED4F4009644D6 /* Main.storyboard */ = {
			isa = PBXVariantGroup;
			children = (
				494DAA281C2ED4F4009644D6 /* Base */,
			);
			name = Main.storyboard;
			sourceTree = "<group>";
		};
		494DAA2F1C2ED4F5009644D6 /* LaunchScreen.storyboard */ = {
			isa = PBXVariantGroup;
			children = (
				494DAA301C2ED4F5009644D6 /* Base */,
			);
			name = LaunchScreen.storyboard;
			sourceTree = "<group>";
		};
/* End PBXVariantGroup section */

/* Begin XCBuildConfiguration section */
		494DAA491C2ED4F5009644D6 /* Debug */ = {
			isa = XCBuildConfiguration;
			buildSettings = {
				ALWAYS_SEARCH_USER_PATHS = NO;
				CLANG_CXX_LANGUAGE_STANDARD = "gnu++0x";
				CLANG_CXX_LIBRARY = "libc++";
				CLANG_ENABLE_MODULES = YES;
				CLANG_ENABLE_OBJC_ARC = YES;
				CLANG_WARN_BOOL_CONVERSION = YES;
				CLANG_WARN_CONSTANT_CONVERSION = YES;
				CLANG_WARN_DIRECT_OBJC_ISA_USAGE = YES_ERROR;
				CLANG_WARN_EMPTY_BODY = YES;
				CLANG_WARN_ENUM_CONVERSION = YES;
				CLANG_WARN_INFINITE_RECURSION = YES;
				CLANG_WARN_INT_CONVERSION = YES;
				CLANG_WARN_OBJC_ROOT_CLASS = YES_ERROR;
				CLANG_WARN_SUSPICIOUS_MOVE = YES;
				CLANG_WARN_UNREACHABLE_CODE = YES;
				CLANG_WARN__DUPLICATE_METHOD_MATCH = YES;
				"CODE_SIGN_IDENTITY[sdk=iphoneos*]" = "iPhone Developer";
				COPY_PHASE_STRIP = NO;
				DEBUG_INFORMATION_FORMAT = dwarf;
				ENABLE_STRICT_OBJC_MSGSEND = YES;
				ENABLE_TESTABILITY = YES;
				GCC_C_LANGUAGE_STANDARD = gnu99;
				GCC_DYNAMIC_NO_PIC = NO;
				GCC_NO_COMMON_BLOCKS = YES;
				GCC_OPTIMIZATION_LEVEL = 0;
				GCC_PREPROCESSOR_DEFINITIONS = (
					"DEBUG=1",
					"$(inherited)",
				);
				GCC_WARN_64_TO_32_BIT_CONVERSION = YES;
				GCC_WARN_ABOUT_RETURN_TYPE = YES_ERROR;
				GCC_WARN_UNDECLARED_SELECTOR = YES;
				GCC_WARN_UNINITIALIZED_AUTOS = YES_AGGRESSIVE;
				GCC_WARN_UNUSED_FUNCTION = YES;
				GCC_WARN_UNUSED_VARIABLE = YES;
				IPHONEOS_DEPLOYMENT_TARGET = 9.2;
				MTL_ENABLE_DEBUG_INFO = YES;
				ONLY_ACTIVE_ARCH = YES;
				SDKROOT = iphoneos;
				SWIFT_OPTIMIZATION_LEVEL = "-Onone";
				TARGETED_DEVICE_FAMILY = "1,2";
			};
			name = Debug;
		};
		494DAA4A1C2ED4F5009644D6 /* Release */ = {
			isa = XCBuildConfiguration;
			buildSettings = {
				ALWAYS_SEARCH_USER_PATHS = NO;
				CLANG_CXX_LANGUAGE_STANDARD = "gnu++0x";
				CLANG_CXX_LIBRARY = "libc++";
				CLANG_ENABLE_MODULES = YES;
				CLANG_ENABLE_OBJC_ARC = YES;
				CLANG_WARN_BOOL_CONVERSION = YES;
				CLANG_WARN_CONSTANT_CONVERSION = YES;
				CLANG_WARN_DIRECT_OBJC_ISA_USAGE = YES_ERROR;
				CLANG_WARN_EMPTY_BODY = YES;
				CLANG_WARN_ENUM_CONVERSION = YES;
				CLANG_WARN_INFINITE_RECURSION = YES;
				CLANG_WARN_INT_CONVERSION = YES;
				CLANG_WARN_OBJC_ROOT_CLASS = YES_ERROR;
				CLANG_WARN_SUSPICIOUS_MOVE = YES;
				CLANG_WARN_UNREACHABLE_CODE = YES;
				CLANG_WARN__DUPLICATE_METHOD_MATCH = YES;
				"CODE_SIGN_IDENTITY[sdk=iphoneos*]" = "iPhone Developer";
				COPY_PHASE_STRIP = NO;
				DEBUG_INFORMATION_FORMAT = "dwarf-with-dsym";
				ENABLE_NS_ASSERTIONS = NO;
				ENABLE_STRICT_OBJC_MSGSEND = YES;
				GCC_C_LANGUAGE_STANDARD = gnu99;
				GCC_NO_COMMON_BLOCKS = YES;
				GCC_WARN_64_TO_32_BIT_CONVERSION = YES;
				GCC_WARN_ABOUT_RETURN_TYPE = YES_ERROR;
				GCC_WARN_UNDECLARED_SELECTOR = YES;
				GCC_WARN_UNINITIALIZED_AUTOS = YES_AGGRESSIVE;
				GCC_WARN_UNUSED_FUNCTION = YES;
				GCC_WARN_UNUSED_VARIABLE = YES;
				IPHONEOS_DEPLOYMENT_TARGET = 9.2;
				MTL_ENABLE_DEBUG_INFO = NO;
				SDKROOT = iphoneos;
				SWIFT_OPTIMIZATION_LEVEL = "-Owholemodule";
				TARGETED_DEVICE_FAMILY = "1,2";
				VALIDATE_PRODUCT = YES;
			};
			name = Release;
		};
		494DAA4C1C2ED4F5009644D6 /* Debug */ = {
			isa = XCBuildConfiguration;
			baseConfigurationReference = 3318DEB355A7E74E8A8E707E /* Pods-Maia+EFFI.debug.xcconfig */;
			buildSettings = {
				ASSETCATALOG_COMPILER_APPICON_NAME = AppIcon;
				INFOPLIST_FILE = "Maia+EFFI/Info.plist";
				LD_RUNPATH_SEARCH_PATHS = "$(inherited) @executable_path/Frameworks";
				PRODUCT_BUNDLE_IDENTIFIER = "jf.Maia-EFFI";
				PRODUCT_NAME = "$(TARGET_NAME)";
				SWIFT_VERSION = 3.0;
			};
			name = Debug;
		};
		494DAA4D1C2ED4F5009644D6 /* Release */ = {
			isa = XCBuildConfiguration;
			baseConfigurationReference = B6C37DD29DE09A48857E9E57 /* Pods-Maia+EFFI.release.xcconfig */;
			buildSettings = {
				ASSETCATALOG_COMPILER_APPICON_NAME = AppIcon;
				INFOPLIST_FILE = "Maia+EFFI/Info.plist";
				LD_RUNPATH_SEARCH_PATHS = "$(inherited) @executable_path/Frameworks";
				PRODUCT_BUNDLE_IDENTIFIER = "jf.Maia-EFFI";
				PRODUCT_NAME = "$(TARGET_NAME)";
				SWIFT_VERSION = 3.0;
			};
			name = Release;
		};
		494DAA4F1C2ED4F5009644D6 /* Debug */ = {
			isa = XCBuildConfiguration;
			baseConfigurationReference = E96BA47512FE55B1008E315F /* Pods-Maia+EFFITests.debug.xcconfig */;
			buildSettings = {
				BUNDLE_LOADER = "$(TEST_HOST)";
				INFOPLIST_FILE = "Maia+EFFITests/Info.plist";
				LD_RUNPATH_SEARCH_PATHS = "$(inherited) @executable_path/Frameworks @loader_path/Frameworks";
				PRODUCT_BUNDLE_IDENTIFIER = "jf.Maia-EFFITests";
				PRODUCT_NAME = "$(TARGET_NAME)";
				SWIFT_VERSION = 3.0;
				TEST_HOST = "$(BUILT_PRODUCTS_DIR)/Maia+EFFI.app/Maia+EFFI";
			};
			name = Debug;
		};
		494DAA501C2ED4F5009644D6 /* Release */ = {
			isa = XCBuildConfiguration;
			baseConfigurationReference = ED8A2891749DACF8626882A1 /* Pods-Maia+EFFITests.release.xcconfig */;
			buildSettings = {
				BUNDLE_LOADER = "$(TEST_HOST)";
				INFOPLIST_FILE = "Maia+EFFITests/Info.plist";
				LD_RUNPATH_SEARCH_PATHS = "$(inherited) @executable_path/Frameworks @loader_path/Frameworks";
				PRODUCT_BUNDLE_IDENTIFIER = "jf.Maia-EFFITests";
				PRODUCT_NAME = "$(TARGET_NAME)";
				SWIFT_VERSION = 3.0;
				TEST_HOST = "$(BUILT_PRODUCTS_DIR)/Maia+EFFI.app/Maia+EFFI";
			};
			name = Release;
		};
		494DAA521C2ED4F5009644D6 /* Debug */ = {
			isa = XCBuildConfiguration;
			baseConfigurationReference = 334AB9AA5B0FBFC6D976E773 /* Pods-Maia+EFFIUITests.debug.xcconfig */;
			buildSettings = {
				INFOPLIST_FILE = "Maia+EFFIUITests/Info.plist";
				LD_RUNPATH_SEARCH_PATHS = "$(inherited) @executable_path/Frameworks @loader_path/Frameworks";
				PRODUCT_BUNDLE_IDENTIFIER = "jf.Maia-EFFIUITests";
				PRODUCT_NAME = "$(TARGET_NAME)";
				SWIFT_VERSION = 3.0;
				TEST_TARGET_NAME = "Maia+EFFI";
				USES_XCTRUNNER = YES;
			};
			name = Debug;
		};
		494DAA531C2ED4F5009644D6 /* Release */ = {
			isa = XCBuildConfiguration;
			baseConfigurationReference = F178B67F3F1184BB13BC28A2 /* Pods-Maia+EFFIUITests.release.xcconfig */;
			buildSettings = {
				INFOPLIST_FILE = "Maia+EFFIUITests/Info.plist";
				LD_RUNPATH_SEARCH_PATHS = "$(inherited) @executable_path/Frameworks @loader_path/Frameworks";
				PRODUCT_BUNDLE_IDENTIFIER = "jf.Maia-EFFIUITests";
				PRODUCT_NAME = "$(TARGET_NAME)";
				SWIFT_VERSION = 3.0;
				TEST_TARGET_NAME = "Maia+EFFI";
				USES_XCTRUNNER = YES;
			};
			name = Release;
		};
/* End XCBuildConfiguration section */

/* Begin XCConfigurationList section */
		494DAA1B1C2ED4F4009644D6 /* Build configuration list for PBXProject "Maia+EFFI" */ = {
			isa = XCConfigurationList;
			buildConfigurations = (
				494DAA491C2ED4F5009644D6 /* Debug */,
				494DAA4A1C2ED4F5009644D6 /* Release */,
			);
			defaultConfigurationIsVisible = 0;
			defaultConfigurationName = Release;
		};
		494DAA4B1C2ED4F5009644D6 /* Build configuration list for PBXNativeTarget "Maia+EFFI" */ = {
			isa = XCConfigurationList;
			buildConfigurations = (
				494DAA4C1C2ED4F5009644D6 /* Debug */,
				494DAA4D1C2ED4F5009644D6 /* Release */,
			);
			defaultConfigurationIsVisible = 0;
			defaultConfigurationName = Release;
		};
		494DAA4E1C2ED4F5009644D6 /* Build configuration list for PBXNativeTarget "Maia+EFFITests" */ = {
			isa = XCConfigurationList;
			buildConfigurations = (
				494DAA4F1C2ED4F5009644D6 /* Debug */,
				494DAA501C2ED4F5009644D6 /* Release */,
			);
			defaultConfigurationIsVisible = 0;
			defaultConfigurationName = Release;
		};
		494DAA511C2ED4F5009644D6 /* Build configuration list for PBXNativeTarget "Maia+EFFIUITests" */ = {
			isa = XCConfigurationList;
			buildConfigurations = (
				494DAA521C2ED4F5009644D6 /* Debug */,
				494DAA531C2ED4F5009644D6 /* Release */,
			);
			defaultConfigurationIsVisible = 0;
			defaultConfigurationName = Release;
		};
/* End XCConfigurationList section */

/* Begin XCVersionGroup section */
		494DAA2A1C2ED4F5009644D6 /* Maia_EFFI.xcdatamodeld */ = {
			isa = XCVersionGroup;
			children = (
				494DAA2B1C2ED4F5009644D6 /* Maia_EFFI.xcdatamodel */,
			);
			currentVersion = 494DAA2B1C2ED4F5009644D6 /* Maia_EFFI.xcdatamodel */;
			path = Maia_EFFI.xcdatamodeld;
			sourceTree = "<group>";
			versionGroupType = wrapper.xcdatamodel;
		};
/* End XCVersionGroup section */
	};
	rootObject = 494DAA181C2ED4F4009644D6 /* Project object */;
}
